
Microsoft Visual Studio Solution File, Format Version 12.00
# Visual Studio 2015
Project("{FAE04EC0-301F-11D3-BF4B-00C04F79EFBC}") = "RoadTrippin", "RoadTrippin.csproj", "{D68E3317-5BAC-1B6A-A241-FE0FCA66C3E9}"
EndProject
Global
	GlobalSection(SolutionConfigurationPlatforms) = preSolution
		Debug|Any CPU = Debug|Any CPU
		Release|Any CPU = Release|Any CPU
	EndGlobalSection
	GlobalSection(ProjectConfigurationPlatforms) = postSolution
		{D68E3317-5BAC-1B6A-A241-FE0FCA66C3E9}.Debug|Any CPU.ActiveCfg = Debug|Any CPU
		{D68E3317-5BAC-1B6A-A241-FE0FCA66C3E9}.Debug|Any CPU.Build.0 = Debug|Any CPU
		{D68E3317-5BAC-1B6A-A241-FE0FCA66C3E9}.Release|Any CPU.ActiveCfg = Release|Any CPU
		{D68E3317-5BAC-1B6A-A241-FE0FCA66C3E9}.Release|Any CPU.Build.0 = Release|Any CPU
	EndGlobalSection
	GlobalSection(SolutionProperties) = preSolution
		HideSolutionNode = FALSE
	EndGlobalSection
EndGlobal
